{
  "version": "3",
  "remote": {
    "https://deno.land/std@0.168.0/async/abortable.ts": "80b2ac399f142cc528f95a037a7d0e653296352d95c681e284533765961de409",
    "https://deno.land/std@0.168.0/async/deadline.ts": "2c2deb53c7c28ca1dda7a3ad81e70508b1ebc25db52559de6b8636c9278fd41f",
    "https://deno.land/std@0.168.0/async/debounce.ts": "60301ffb37e730cd2d6f9dadfd0ecb2a38857681bd7aaf6b0a106b06e5210a98",
    "https://deno.land/std@0.168.0/async/deferred.ts": "77d3f84255c3627f1cc88699d8472b664d7635990d5358c4351623e098e917d6",
    "https://deno.land/std@0.168.0/async/delay.ts": "5a9bfba8de38840308a7a33786a0155a7f6c1f7a859558ddcec5fe06e16daf57",
    "https://deno.land/std@0.168.0/async/mod.ts": "7809ad4bb223e40f5fdc043e5c7ca04e0e25eed35c32c3c32e28697c553fa6d9",
    "https://deno.land/std@0.168.0/async/mux_async_iterator.ts": "770a0ff26c59f8bbbda6b703a2235f04e379f73238e8d66a087edc68c2a2c35f",
    "https://deno.land/std@0.168.0/async/pool.ts": "6854d8cd675a74c73391c82005cbbe4cc58183bddcd1fbbd7c2bcda42b61cf69",
    "https://deno.land/std@0.168.0/async/retry.ts": "e8e5173623915bbc0ddc537698fa418cf875456c347eda1ed453528645b42e67",
    "https://deno.land/std@0.168.0/async/tee.ts": "3a47cc4e9a940904fd4341f0224907e199121c80b831faa5ec2b054c6d2eff5e",
    "https://deno.land/std@0.168.0/http/server.ts": "e99c1bee8a3f6571ee4cdeb2966efad465b8f6fe62bec1bdb59c1f007cc4d155",
    "https://esm.sh/@supabase/supabase-js@2.38.1": "407206166786406ed061d19222442a63c32f97a1ee25edf34da0d4dd9b86484d",
    "https://esm.sh/v135/@supabase/functions-js@2.1.5/denonext/functions-js.mjs": "739affd2df20c1affd91991c3731c2537d270b82be5cdbd926c43be40eb2fdc5",
    "https://esm.sh/v135/@supabase/functions-js@2.3.1/denonext/functions-js.mjs": "c10a0bbd935fc12cae58918b8e23cb339d54c443983caeb597dd8cd76a76f940",
    "https://esm.sh/v135/@supabase/gotrue-js@2.57.0/denonext/gotrue-js.mjs": "a4e6768643628fc5445683f4f58090ea5b65c51c3abb165dc0a385cf8eae2121",
    "https://esm.sh/v135/@supabase/gotrue-js@2.62.2/denonext/gotrue-js.mjs": "326e26884bb2e359f192078b8c602a2e0acdc754767a274fe1df844319a8d319",
    "https://esm.sh/v135/@supabase/node-fetch@2.6.14/denonext/node-fetch.mjs": "23a71af3512da67a8757ab1e2356fa22565758444ea1fc08e0de0e8d4625e8aa",
    "https://esm.sh/v135/@supabase/node-fetch@2.6.15/denonext/node-fetch.mjs": "efad00ea3d4cbe1bee688836ef75339d49a1981bc5728a13e9ad5f26791d5efb",
    "https://esm.sh/v135/@supabase/postgrest-js@1.15.2/denonext/postgrest-js.mjs": "1d36cf3106c6dd6ce21473b57d88478802ceef6d22e67af1f92c508607302e50",
    "https://esm.sh/v135/@supabase/postgrest-js@1.9.0/denonext/postgrest-js.mjs": "e6239e65dca3c73527af617ee406934dc509a33e4082a9da9c3aa6c430519cdf",
    "https://esm.sh/v135/@supabase/realtime-js@2.8.4/denonext/realtime-js.mjs": "9f8af6f82b095b1b1d336a92c4ff8519a5b7f783a1e09eab005114b983cafd5d",
    "https://esm.sh/v135/@supabase/realtime-js@2.9.4/denonext/realtime-js.mjs": "5a4443e535c1ef8c469c281442a976f47735b3ee378c9e6d8b9a379c56b2f852",
    "https://esm.sh/v135/@supabase/storage-js@2.5.4/denonext/storage-js.mjs": "dff68679fb795ec7e157b8f51cb0b8c544d6c3d57ecc093f5b15eb909439efcd",
    "https://esm.sh/v135/@supabase/storage-js@2.5.5/denonext/storage-js.mjs": "66e29e4e55c7d396503e2d1d9376cfbc34f046b962bce4524c2d80b209fff413",
    "https://esm.sh/v135/@supabase/supabase-js@2.38.1/denonext/supabase-js.mjs": "1d6b8498247a735c1a5d57acae94ca5e5d0fc2a3381b93910e6f28f3df354e14",
    "https://esm.sh/v135/bufferutil@4.0.8/denonext/bufferutil.mjs": "60a4618cbd1a5cb24935c55590b793d4ecb33862357d32e1d4614a0bbb90947f",
    "https://esm.sh/v135/es5-ext@0.10.62/denonext/global.js": "2f51d9acef1f761faaa542da919b3c747744ea29fe709d0a904fd531716a93d6",
    "https://esm.sh/v135/node-gyp-build@4.6.1/denonext/node-gyp-build.mjs": "5d28b312f145a6cb2ec0dbdd80a7d34c0e0e6b5dcada65411d8bcff6c8991cc6",
    "https://esm.sh/v135/utf-8-validate@6.0.3/denonext/utf-8-validate.mjs": "410c48d66840e987e474a4849cd25829817415cedd25466280effb1287d05aa5",
    "https://esm.sh/v135/websocket@1.0.34/denonext/websocket.mjs": "dfe5d62007e9f7430d561e2376fe47caa9d04cb016d83d3386fcc2206a90296b",
    "https://esm.sh/v135/ws@8.16.0/denonext/ws.mjs": "0fa0c00b69577ba36d0a36001329b2cec91498cb2e33e329fc76aa6d51a0d54d"
  }
}
